
Microsoft Visual Studio Solution File, Format Version 12.00
# Visual Studio Version 16
VisualStudioVersion = 16.0.33027.164
MinimumVisualStudioVersion = 10.0.40219.1
Project("{FAE04EC0-301F-11D3-BF4B-00C04F79EFBC}") = "tatli_icecek2", "tatli_icecek2\tatli_icecek2.csproj", "{B805693A-0795-41B9-903D-9BB3A9908E62}"
EndProject
Global
	GlobalSection(SolutionConfigurationPlatforms) = preSolution
		Debug|Any CPU = Debug|Any CPU
		Release|Any CPU = Release|Any CPU
	EndGlobalSection
	GlobalSection(ProjectConfigurationPlatforms) = postSolution
		{B805693A-0795-41B9-903D-9BB3A9908E62}.Debug|Any CPU.ActiveCfg = Debug|Any CPU
		{B805693A-0795-41B9-903D-9BB3A9908E62}.Debug|Any CPU.Build.0 = Debug|Any CPU
		{B805693A-0795-41B9-903D-9BB3A9908E62}.Release|Any CPU.ActiveCfg = Release|Any CPU
		{B805693A-0795-41B9-903D-9BB3A9908E62}.Release|Any CPU.Build.0 = Release|Any CPU
	EndGlobalSection
	GlobalSection(SolutionProperties) = preSolution
		HideSolutionNode = FALSE
	EndGlobalSection
	GlobalSection(ExtensibilityGlobals) = postSolution
		SolutionGuid = {1E080E83-B979-4DD6-9EEF-57CC984677C6}
	EndGlobalSection
EndGlobal
